
Microsoft Visual Studio Solution File, Format Version 12.00
# Visual Studio Version 17
VisualStudioVersion = 17.3.32922.545
MinimumVisualStudioVersion = 10.0.40219.1
Project("{FAE04EC0-301F-11D3-BF4B-00C04F79EFBC}") = "BasicStudentManager", "BasicStudentManager\BasicStudentManager.csproj", "{CC8AC747-B513-46F3-8EBE-EB7C420715FB}"
EndProject
Global
	GlobalSection(SolutionConfigurationPlatforms) = preSolution
		Debug|Any CPU = Debug|Any CPU
		Release|Any CPU = Release|Any CPU
	EndGlobalSection
	GlobalSection(ProjectConfigurationPlatforms) = postSolution
		{CC8AC747-B513-46F3-8EBE-EB7C420715FB}.Debug|Any CPU.ActiveCfg = Debug|Any CPU
		{CC8AC747-B513-46F3-8EBE-EB7C420715FB}.Debug|Any CPU.Build.0 = Debug|Any CPU
		{CC8AC747-B513-46F3-8EBE-EB7C420715FB}.Release|Any CPU.ActiveCfg = Release|Any CPU
		{CC8AC747-B513-46F3-8EBE-EB7C420715FB}.Release|Any CPU.Build.0 = Release|Any CPU
	EndGlobalSection
	GlobalSection(SolutionProperties) = preSolution
		HideSolutionNode = FALSE
	EndGlobalSection
	GlobalSection(ExtensibilityGlobals) = postSolution
		SolutionGuid = {1D2B7871-5981-48C7-9BF6-A77F4040980C}
	EndGlobalSection
EndGlobal
